
Microsoft Visual Studio Solution File, Format Version 12.00
Project("{FAE04EC0-301F-11D3-BF4B-00C04F79EFBC}") = "BaltaPoo", "BaltaPoo\BaltaPoo.csproj", "{BC570A8D-7DBD-4D78-A3FB-880598E172C5}"
EndProject
Global
	GlobalSection(SolutionConfigurationPlatforms) = preSolution
		Debug|Any CPU = Debug|Any CPU
		Release|Any CPU = Release|Any CPU
	EndGlobalSection
	GlobalSection(ProjectConfigurationPlatforms) = postSolution
		{BC570A8D-7DBD-4D78-A3FB-880598E172C5}.Debug|Any CPU.ActiveCfg = Debug|Any CPU
		{BC570A8D-7DBD-4D78-A3FB-880598E172C5}.Debug|Any CPU.Build.0 = Debug|Any CPU
		{BC570A8D-7DBD-4D78-A3FB-880598E172C5}.Release|Any CPU.ActiveCfg = Release|Any CPU
		{BC570A8D-7DBD-4D78-A3FB-880598E172C5}.Release|Any CPU.Build.0 = Release|Any CPU
	EndGlobalSection
EndGlobal
